github.com/a-h/templ v0.3.833 h1:L/KOk/0VvVTBegtE0fp2RJQiBm7/52Zxv5fqlEHiQUU=
github.com/a-h/templ v0.3.833/go.mod h1:cAu4AiZhtJfBjMY0HASlyzvkrtjnHWPeEsyGK2YYmfk=
github.com/dusted-go/logging v1.3.0 h1:SL/EH1Rp27oJQIte+LjWvWACSnYDTqNx5gZULin0XRY=
github.com/dusted-go/logging v1.3.0/go.mod h1:s58+s64zE5fxSWWZfp+b8ZV0CHyKHjamITGyuY1wzGg=
github.com/google/go-cmp v0.6.0 h1:ofyhxvXcZhMsU5ulbFiLKl/XBFqE1GSq7atu8tAmTRI=
github.com/google/go-cmp v0.6.0/go.mod h1:17dUlkBOakJ0+DkrSSNjCkIjxS6bF9zb3elmeNGIjoY=
